{
    "_readme": [
        "This file locks the dependencies of your project to a known state",
        "Read more about it at https://getcomposer.org/doc/01-basic-usage.md#installing-dependencies",
        "This file is @generated automatically"
    ],
    "content-hash": "e77d09b28995dd7c52aca2ec9c0c66e7",
    "packages": [
        {
            "name": "ghosty/bag",
            "version": "v1.1.0",
            "source": {
                "type": "git",
                "url": "https://github.com/ghostyPHP/Bag.git",
                "reference": "d754bfc24da9835d3aafaacbc0f29ce8bd71360b"
            },
            "dist": {
                "type": "zip",
                "url": "https://api.github.com/repos/ghostyPHP/Bag/zipball/d754bfc24da9835d3aafaacbc0f29ce8bd71360b",
                "reference": "d754bfc24da9835d3aafaacbc0f29ce8bd71360b",
                "shasum": ""
            },
            "type": "package",
            "autoload": {
                "psr-4": {
                    "Ghosty\\Component\\Bag\\": "src/"
                }
            },
            "notification-url": "https://packagist.org/downloads/",
            "license": [
                "MIT"
            ],
            "authors": [
                {
                    "name": "AnvilM",
                    "email": "211anvil112@gmail.com"
                }
            ],
            "support": {
                "issues": "https://github.com/ghostyPHP/Bag/issues",
                "source": "https://github.com/ghostyPHP/Bag/tree/v1.1.0"
            },
            "time": "2024-09-06T11:46:02+00:00"
        },
        {
            "name": "ghosty/container",
            "version": "v1.0.7",
            "source": {
                "type": "git",
                "url": "https://github.com/ghostyPHP/Container.git",
                "reference": "8c769360ad19eda309870856889be42e300d7ecd"
            },
            "dist": {
                "type": "zip",
                "url": "https://api.github.com/repos/ghostyPHP/Container/zipball/8c769360ad19eda309870856889be42e300d7ecd",
                "reference": "8c769360ad19eda309870856889be42e300d7ecd",
                "shasum": ""
            },
            "require": {
                "ghosty/bag": "^1.1",
                "psr/container": "^2.0"
            },
            "type": "package",
            "autoload": {
                "psr-4": {
                    "Ghosty\\Container\\": "src/"
                }
            },
            "notification-url": "https://packagist.org/downloads/",
            "license": [
                "MIT"
            ],
            "authors": [
                {
                    "name": "AnvilM",
                    "email": "211anvil112@gmail.com"
                }
            ],
            "description": "Simple small dependency injection container",
            "keywords": [
                "container",
                "dependency injection",
                "di"
            ],
            "support": {
                "issues": "https://github.com/ghostyPHP/Container/issues",
                "source": "https://github.com/ghostyPHP/Container/tree/v1.0.7"
            },
            "time": "2024-09-06T23:06:33+00:00"
        },
        {
            "name": "psr/container",
            "version": "2.0.2",
            "source": {
                "type": "git",
                "url": "https://github.com/php-fig/container.git",
                "reference": "c71ecc56dfe541dbd90c5360474fbc405f8d5963"
            },
            "dist": {
                "type": "zip",
                "url": "https://api.github.com/repos/php-fig/container/zipball/c71ecc56dfe541dbd90c5360474fbc405f8d5963",
                "reference": "c71ecc56dfe541dbd90c5360474fbc405f8d5963",
                "shasum": ""
            },
            "require": {
                "php": ">=7.4.0"
            },
            "type": "library",
            "extra": {
                "branch-alias": {
                    "dev-master": "2.0.x-dev"
                }
            },
            "autoload": {
                "psr-4": {
                    "Psr\\Container\\": "src/"
                }
            },
            "notification-url": "https://packagist.org/downloads/",
            "license": [
                "MIT"
            ],
            "authors": [
                {
                    "name": "PHP-FIG",
                    "homepage": "https://www.php-fig.org/"
                }
            ],
            "description": "Common Container Interface (PHP FIG PSR-11)",
            "homepage": "https://github.com/php-fig/container",
            "keywords": [
                "PSR-11",
                "container",
                "container-interface",
                "container-interop",
                "psr"
            ],
            "support": {
                "issues": "https://github.com/php-fig/container/issues",
                "source": "https://github.com/php-fig/container/tree/2.0.2"
            },
            "time": "2021-11-05T16:47:00+00:00"
        },
        {
            "name": "psr/log",
            "version": "3.0.1",
            "source": {
                "type": "git",
                "url": "https://github.com/php-fig/log.git",
                "reference": "79dff0b268932c640297f5208d6298f71855c03e"
            },
            "dist": {
                "type": "zip",
                "url": "https://api.github.com/repos/php-fig/log/zipball/79dff0b268932c640297f5208d6298f71855c03e",
                "reference": "79dff0b268932c640297f5208d6298f71855c03e",
                "shasum": ""
            },
            "require": {
                "php": ">=8.0.0"
            },
            "type": "library",
            "extra": {
                "branch-alias": {
                    "dev-master": "3.x-dev"
                }
            },
            "autoload": {
                "psr-4": {
                    "Psr\\Log\\": "src"
                }
            },
            "notification-url": "https://packagist.org/downloads/",
            "license": [
                "MIT"
            ],
            "authors": [
                {
                    "name": "PHP-FIG",
                    "homepage": "https://www.php-fig.org/"
                }
            ],
            "description": "Common interface for logging libraries",
            "homepage": "https://github.com/php-fig/log",
            "keywords": [
                "log",
                "psr",
                "psr-3"
            ],
            "support": {
                "source": "https://github.com/php-fig/log/tree/3.0.1"
            },
            "time": "2024-08-21T13:31:24+00:00"
        }
    ],
    "packages-dev": [],
    "aliases": [],
    "minimum-stability": "stable",
    "stability-flags": [],
    "prefer-stable": false,
    "prefer-lowest": false,
    "platform": [],
    "platform-dev": [],
    "plugin-api-version": "2.6.0"
}
